// !$*UTF8*$!
{
	archiveVersion = 1;
	classes = {
	};
	objectVersion = 51;
	objects = {

/* Begin PBXBuildFile section */
		8A25572EA4988A977EFAC1AF /* Pods_FirstCare.framework in Frameworks */ = {isa = PBXBuildFile; fileRef = A91700FE593E8B14D48A055D /* Pods_FirstCare.framework */; };
		97D07F4A2546193200927B84 /* GoogleService-Info.plist in Resources */ = {isa = PBXBuildFile; fileRef = 97D07F492546193200927B84 /* GoogleService-Info.plist */; };
		97D76D412545D65800DEAB97 /* AppDelegate.swift in Sources */ = {isa = PBXBuildFile; fileRef = 97D76D402545D65800DEAB97 /* AppDelegate.swift */; };
		97D76D432545D65800DEAB97 /* SceneDelegate.swift in Sources */ = {isa = PBXBuildFile; fileRef = 97D76D422545D65800DEAB97 /* SceneDelegate.swift */; };
		97D76D452545D65800DEAB97 /* ViewController.swift in Sources */ = {isa = PBXBuildFile; fileRef = 97D76D442545D65800DEAB97 /* ViewController.swift */; };
		97D76D482545D65800DEAB97 /* Main.storyboard in Resources */ = {isa = PBXBuildFile; fileRef = 97D76D462545D65800DEAB97 /* Main.storyboard */; };
		97D76D4A2545D65800DEAB97 /* Assets.xcassets in Resources */ = {isa = PBXBuildFile; fileRef = 97D76D492545D65800DEAB97 /* Assets.xcassets */; };
		97D76D4D2545D65800DEAB97 /* LaunchScreen.storyboard in Resources */ = {isa = PBXBuildFile; fileRef = 97D76D4B2545D65800DEAB97 /* LaunchScreen.storyboard */; };
		97D76D582545D65900DEAB97 /* FirstCareTests.swift in Sources */ = {isa = PBXBuildFile; fileRef = 97D76D572545D65900DEAB97 /* FirstCareTests.swift */; };
		97D76D632545D65900DEAB97 /* FirstCareUITests.swift in Sources */ = {isa = PBXBuildFile; fileRef = 97D76D622545D65900DEAB97 /* FirstCareUITests.swift */; };
		97D76D792545E39900DEAB97 /* SignUpView.swift in Sources */ = {isa = PBXBuildFile; fileRef = 97D76D782545E39900DEAB97 /* SignUpView.swift */; };
		97D76D962545EDFD00DEAB97 /* data.xcdatamodeld in Sources */ = {isa = PBXBuildFile; fileRef = 97D76D942545EDFD00DEAB97 /* data.xcdatamodeld */; };
		97D76DB12545F66000DEAB97 /* User+CoreDataClass.swift in Sources */ = {isa = PBXBuildFile; fileRef = 97D76DAF2545F66000DEAB97 /* User+CoreDataClass.swift */; };
		97D76DB22545F66000DEAB97 /* User+CoreDataProperties.swift in Sources */ = {isa = PBXBuildFile; fileRef = 97D76DB02545F66000DEAB97 /* User+CoreDataProperties.swift */; };
/* End PBXBuildFile section */

/* Begin PBXContainerItemProxy section */
		97D76D542545D65900DEAB97 /* PBXContainerItemProxy */ = {
			isa = PBXContainerItemProxy;
			containerPortal = 97D76D352545D65800DEAB97 /* Project object */;
			proxyType = 1;
			remoteGlobalIDString = 97D76D3C2545D65800DEAB97;
			remoteInfo = FirstCare;
		};
		97D76D5F2545D65900DEAB97 /* PBXContainerItemProxy */ = {
			isa = PBXContainerItemProxy;
			containerPortal = 97D76D352545D65800DEAB97 /* Project object */;
			proxyType = 1;
			remoteGlobalIDString = 97D76D3C2545D65800DEAB97;
			remoteInfo = FirstCare;
		};
/* End PBXContainerItemProxy section */

/* Begin PBXFileReference section */
		97D07F492546193200927B84 /* GoogleService-Info.plist */ = {isa = PBXFileReference; fileEncoding = 4; lastKnownFileType = text.plist.xml; path = "GoogleService-Info.plist"; sourceTree = "<group>"; };
		97D76D3D2545D65800DEAB97 /* FirstCare.app */ = {isa = PBXFileReference; explicitFileType = wrapper.application; includeInIndex = 0; path = FirstCare.app; sourceTree = BUILT_PRODUCTS_DIR; };
		97D76D402545D65800DEAB97 /* AppDelegate.swift */ = {isa = PBXFileReference; lastKnownFileType = sourcecode.swift; path = AppDelegate.swift; sourceTree = "<group>"; };
		97D76D422545D65800DEAB97 /* SceneDelegate.swift */ = {isa = PBXFileReference; lastKnownFileType = sourcecode.swift; path = SceneDelegate.swift; sourceTree = "<group>"; };
		97D76D442545D65800DEAB97 /* ViewController.swift */ = {isa = PBXFileReference; lastKnownFileType = sourcecode.swift; path = ViewController.swift; sourceTree = "<group>"; };
		97D76D472545D65800DEAB97 /* Base */ = {isa = PBXFileReference; lastKnownFileType = file.storyboard; name = Base; path = Base.lproj/Main.storyboard; sourceTree = "<group>"; };
		97D76D492545D65800DEAB97 /* Assets.xcassets */ = {isa = PBXFileReference; lastKnownFileType = folder.assetcatalog; path = Assets.xcassets; sourceTree = "<group>"; };
		97D76D4C2545D65800DEAB97 /* Base */ = {isa = PBXFileReference; lastKnownFileType = file.storyboard; name = Base; path = Base.lproj/LaunchScreen.storyboard; sourceTree = "<group>"; };
		97D76D4E2545D65800DEAB97 /* Info.plist */ = {isa = PBXFileReference; lastKnownFileType = text.plist.xml; path = Info.plist; sourceTree = "<group>"; };
		97D76D532545D65900DEAB97 /* FirstCareTests.xctest */ = {isa = PBXFileReference; explicitFileType = wrapper.cfbundle; includeInIndex = 0; path = FirstCareTests.xctest; sourceTree = BUILT_PRODUCTS_DIR; };
		97D76D572545D65900DEAB97 /* FirstCareTests.swift */ = {isa = PBXFileReference; lastKnownFileType = sourcecode.swift; path = FirstCareTests.swift; sourceTree = "<group>"; };
		97D76D592545D65900DEAB97 /* Info.plist */ = {isa = PBXFileReference; lastKnownFileType = text.plist.xml; path = Info.plist; sourceTree = "<group>"; };
		97D76D5E2545D65900DEAB97 /* FirstCareUITests.xctest */ = {isa = PBXFileReference; explicitFileType = wrapper.cfbundle; includeInIndex = 0; path = FirstCareUITests.xctest; sourceTree = BUILT_PRODUCTS_DIR; };
		97D76D622545D65900DEAB97 /* FirstCareUITests.swift */ = {isa = PBXFileReference; lastKnownFileType = sourcecode.swift; path = FirstCareUITests.swift; sourceTree = "<group>"; };
		97D76D642545D65900DEAB97 /* Info.plist */ = {isa = PBXFileReference; lastKnownFileType = text.plist.xml; path = Info.plist; sourceTree = "<group>"; };
		97D76D782545E39900DEAB97 /* SignUpView.swift */ = {isa = PBXFileReference; lastKnownFileType = sourcecode.swift; path = SignUpView.swift; sourceTree = "<group>"; };
		97D76D952545EDFD00DEAB97 /* data.xcdatamodel */ = {isa = PBXFileReference; lastKnownFileType = wrapper.xcdatamodel; path = data.xcdatamodel; sourceTree = "<group>"; };
		97D76DAF2545F66000DEAB97 /* User+CoreDataClass.swift */ = {isa = PBXFileReference; lastKnownFileType = sourcecode.swift; path = "User+CoreDataClass.swift"; sourceTree = "<group>"; };
		97D76DB02545F66000DEAB97 /* User+CoreDataProperties.swift */ = {isa = PBXFileReference; lastKnownFileType = sourcecode.swift; path = "User+CoreDataProperties.swift"; sourceTree = "<group>"; };
		A06FD1322EFE8B40F6D0F8F8 /* Pods-FirstCare.release.xcconfig */ = {isa = PBXFileReference; includeInIndex = 1; lastKnownFileType = text.xcconfig; name = "Pods-FirstCare.release.xcconfig"; path = "Target Support Files/Pods-FirstCare/Pods-FirstCare.release.xcconfig"; sourceTree = "<group>"; };
		A91700FE593E8B14D48A055D /* Pods_FirstCare.framework */ = {isa = PBXFileReference; explicitFileType = wrapper.framework; includeInIndex = 0; path = Pods_FirstCare.framework; sourceTree = BUILT_PRODUCTS_DIR; };
		DD115BDD0B765827BCDC347D /* Pods-FirstCare.debug.xcconfig */ = {isa = PBXFileReference; includeInIndex = 1; lastKnownFileType = text.xcconfig; name = "Pods-FirstCare.debug.xcconfig"; path = "Target Support Files/Pods-FirstCare/Pods-FirstCare.debug.xcconfig"; sourceTree = "<group>"; };
/* End PBXFileReference section */

/* Begin PBXFrameworksBuildPhase section */
		97D76D3A2545D65800DEAB97 /* Frameworks */ = {
			isa = PBXFrameworksBuildPhase;
			buildActionMask = 2147483647;
			files = (
				8A25572EA4988A977EFAC1AF /* Pods_FirstCare.framework in Frameworks */,
			);
			runOnlyForDeploymentPostprocessing = 0;
		};
		97D76D502545D65900DEAB97 /* Frameworks */ = {
			isa = PBXFrameworksBuildPhase;
			buildActionMask = 2147483647;
			files = (
			);
			runOnlyForDeploymentPostprocessing = 0;
		};
		97D76D5B2545D65900DEAB97 /* Frameworks */ = {
			isa = PBXFrameworksBuildPhase;
			buildActionMask = 2147483647;
			files = (
			);
			runOnlyForDeploymentPostprocessing = 0;
		};
/* End PBXFrameworksBuildPhase section */

/* Begin PBXGroup section */
		372D829B148F4A57CED0A2F2 /* Frameworks */ = {
			isa = PBXGroup;
			children = (
				A91700FE593E8B14D48A055D /* Pods_FirstCare.framework */,
			);
			name = Frameworks;
			sourceTree = "<group>";
		};
		97D76D342545D65800DEAB97 = {
			isa = PBXGroup;
			children = (
				97D76DAF2545F66000DEAB97 /* User+CoreDataClass.swift */,
				97D76DB02545F66000DEAB97 /* User+CoreDataProperties.swift */,
				97D76D3F2545D65800DEAB97 /* FirstCare */,
				97D76D562545D65900DEAB97 /* FirstCareTests */,
				97D76D612545D65900DEAB97 /* FirstCareUITests */,
				97D76D3E2545D65800DEAB97 /* Products */,
				EC5C787DD0FF8B17AAF83F4D /* Pods */,
				372D829B148F4A57CED0A2F2 /* Frameworks */,
			);
			sourceTree = "<group>";
		};
		97D76D3E2545D65800DEAB97 /* Products */ = {
			isa = PBXGroup;
			children = (
				97D76D3D2545D65800DEAB97 /* FirstCare.app */,
				97D76D532545D65900DEAB97 /* FirstCareTests.xctest */,
				97D76D5E2545D65900DEAB97 /* FirstCareUITests.xctest */,
			);
			name = Products;
			sourceTree = "<group>";
		};
		97D76D3F2545D65800DEAB97 /* FirstCare */ = {
			isa = PBXGroup;
			children = (
				97D07F492546193200927B84 /* GoogleService-Info.plist */,
				97D76D932545EDB700DEAB97 /* Model */,
				97D76D742545E30900DEAB97 /* View */,
				97D76D732545E2EC00DEAB97 /* Controller */,
				97D76D402545D65800DEAB97 /* AppDelegate.swift */,
				97D76D422545D65800DEAB97 /* SceneDelegate.swift */,
				97D76D492545D65800DEAB97 /* Assets.xcassets */,
				97D76D4B2545D65800DEAB97 /* LaunchScreen.storyboard */,
				97D76D4E2545D65800DEAB97 /* Info.plist */,
			);
			path = FirstCare;
			sourceTree = "<group>";
		};
		97D76D562545D65900DEAB97 /* FirstCareTests */ = {
			isa = PBXGroup;
			children = (
				97D76D572545D65900DEAB97 /* FirstCareTests.swift */,
				97D76D592545D65900DEAB97 /* Info.plist */,
			);
			path = FirstCareTests;
			sourceTree = "<group>";
		};
		97D76D612545D65900DEAB97 /* FirstCareUITests */ = {
			isa = PBXGroup;
			children = (
				97D76D622545D65900DEAB97 /* FirstCareUITests.swift */,
				97D76D642545D65900DEAB97 /* Info.plist */,
			);
			path = FirstCareUITests;
			sourceTree = "<group>";
		};
		97D76D732545E2EC00DEAB97 /* Controller */ = {
			isa = PBXGroup;
			children = (
				97D76D442545D65800DEAB97 /* ViewController.swift */,
				97D76D782545E39900DEAB97 /* SignUpView.swift */,
			);
			path = Controller;
			sourceTree = "<group>";
		};
		97D76D742545E30900DEAB97 /* View */ = {
			isa = PBXGroup;
			children = (
				97D76D462545D65800DEAB97 /* Main.storyboard */,
			);
			path = View;
			sourceTree = "<group>";
		};
		97D76D932545EDB700DEAB97 /* Model */ = {
			isa = PBXGroup;
			children = (
				97D76D942545EDFD00DEAB97 /* data.xcdatamodeld */,
			);
			path = Model;
			sourceTree = "<group>";
		};
		EC5C787DD0FF8B17AAF83F4D /* Pods */ = {
			isa = PBXGroup;
			children = (
				DD115BDD0B765827BCDC347D /* Pods-FirstCare.debug.xcconfig */,
				A06FD1322EFE8B40F6D0F8F8 /* Pods-FirstCare.release.xcconfig */,
			);
			path = Pods;
			sourceTree = "<group>";
		};
/* End PBXGroup section */

/* Begin PBXNativeTarget section */
		97D76D3C2545D65800DEAB97 /* FirstCare */ = {
			isa = PBXNativeTarget;
			buildConfigurationList = 97D76D672545D65900DEAB97 /* Build configuration list for PBXNativeTarget "FirstCare" */;
			buildPhases = (
				3E18131D43BC0BEA838FCCD2 /* [CP] Check Pods Manifest.lock */,
				97D76D392545D65800DEAB97 /* Sources */,
				97D76D3A2545D65800DEAB97 /* Frameworks */,
				97D76D3B2545D65800DEAB97 /* Resources */,
				6F2E589BB8B210C85BB84735 /* [CP] Embed Pods Frameworks */,
			);
			buildRules = (
			);
			dependencies = (
			);
			name = FirstCare;
			productName = FirstCare;
			productReference = 97D76D3D2545D65800DEAB97 /* FirstCare.app */;
			productType = "com.apple.product-type.application";
		};
		97D76D522545D65900DEAB97 /* FirstCareTests */ = {
			isa = PBXNativeTarget;
			buildConfigurationList = 97D76D6A2545D65900DEAB97 /* Build configuration list for PBXNativeTarget "FirstCareTests" */;
			buildPhases = (
				97D76D4F2545D65900DEAB97 /* Sources */,
				97D76D502545D65900DEAB97 /* Frameworks */,
				97D76D512545D65900DEAB97 /* Resources */,
			);
			buildRules = (
			);
			dependencies = (
				97D76D552545D65900DEAB97 /* PBXTargetDependency */,
			);
			name = FirstCareTests;
			productName = FirstCareTests;
			productReference = 97D76D532545D65900DEAB97 /* FirstCareTests.xctest */;
			productType = "com.apple.product-type.bundle.unit-test";
		};
		97D76D5D2545D65900DEAB97 /* FirstCareUITests */ = {
			isa = PBXNativeTarget;
			buildConfigurationList = 97D76D6D2545D65900DEAB97 /* Build configuration list for PBXNativeTarget "FirstCareUITests" */;
			buildPhases = (
				97D76D5A2545D65900DEAB97 /* Sources */,
				97D76D5B2545D65900DEAB97 /* Frameworks */,
				97D76D5C2545D65900DEAB97 /* Resources */,
			);
			buildRules = (
			);
			dependencies = (
				97D76D602545D65900DEAB97 /* PBXTargetDependency */,
			);
			name = FirstCareUITests;
			productName = FirstCareUITests;
			productReference = 97D76D5E2545D65900DEAB97 /* FirstCareUITests.xctest */;
			productType = "com.apple.product-type.bundle.ui-testing";
		};
/* End PBXNativeTarget section */

/* Begin PBXProject section */
		97D76D352545D65800DEAB97 /* Project object */ = {
			isa = PBXProject;
			attributes = {
				LastSwiftUpdateCheck = 1200;
				LastUpgradeCheck = 1200;
				TargetAttributes = {
					97D76D3C2545D65800DEAB97 = {
						CreatedOnToolsVersion = 12.0.1;
					};
					97D76D522545D65900DEAB97 = {
						CreatedOnToolsVersion = 12.0.1;
						TestTargetID = 97D76D3C2545D65800DEAB97;
					};
					97D76D5D2545D65900DEAB97 = {
						CreatedOnToolsVersion = 12.0.1;
						TestTargetID = 97D76D3C2545D65800DEAB97;
					};
				};
			};
			buildConfigurationList = 97D76D382545D65800DEAB97 /* Build configuration list for PBXProject "FirstCare" */;
			compatibilityVersion = "Xcode 9.3";
			developmentRegion = en;
			hasScannedForEncodings = 0;
			knownRegions = (
				en,
				Base,
			);
			mainGroup = 97D76D342545D65800DEAB97;
			productRefGroup = 97D76D3E2545D65800DEAB97 /* Products */;
			projectDirPath = "";
			projectRoot = "";
			targets = (
				97D76D3C2545D65800DEAB97 /* FirstCare */,
				97D76D522545D65900DEAB97 /* FirstCareTests */,
				97D76D5D2545D65900DEAB97 /* FirstCareUITests */,
			);
		};
/* End PBXProject section */

/* Begin PBXResourcesBuildPhase section */
		97D76D3B2545D65800DEAB97 /* Resources */ = {
			isa = PBXResourcesBuildPhase;
			buildActionMask = 2147483647;
			files = (
				97D76D4D2545D65800DEAB97 /* LaunchScreen.storyboard in Resources */,
				97D07F4A2546193200927B84 /* GoogleService-Info.plist in Resources */,
				97D76D4A2545D65800DEAB97 /* Assets.xcassets in Resources */,
				97D76D482545D65800DEAB97 /* Main.storyboard in Resources */,
			);
			runOnlyForDeploymentPostprocessing = 0;
		};
		97D76D512545D65900DEAB97 /* Resources */ = {
			isa = PBXResourcesBuildPhase;
			buildActionMask = 2147483647;
			files = (
			);
			runOnlyForDeploymentPostprocessing = 0;
		};
		97D76D5C2545D65900DEAB97 /* Resources */ = {
			isa = PBXResourcesBuildPhase;
			buildActionMask = 2147483647;
			files = (
			);
			runOnlyForDeploymentPostprocessing = 0;
		};
/* End PBXResourcesBuildPhase section */

/* Begin PBXShellScriptBuildPhase section */
		3E18131D43BC0BEA838FCCD2 /* [CP] Check Pods Manifest.lock */ = {
			isa = PBXShellScriptBuildPhase;
			buildActionMask = 2147483647;
			files = (
			);
			inputFileListPaths = (
			);
			inputPaths = (
				"${PODS_PODFILE_DIR_PATH}/Podfile.lock",
				"${PODS_ROOT}/Manifest.lock",
			);
			name = "[CP] Check Pods Manifest.lock";
			outputFileListPaths = (
			);
			outputPaths = (
				"$(DERIVED_FILE_DIR)/Pods-FirstCare-checkManifestLockResult.txt",
			);
			runOnlyForDeploymentPostprocessing = 0;
			shellPath = /bin/sh;
			shellScript = "diff \"${PODS_PODFILE_DIR_PATH}/Podfile.lock\" \"${PODS_ROOT}/Manifest.lock\" > /dev/null\nif [ $? != 0 ] ; then\n    # print error to STDERR\n    echo \"error: The sandbox is not in sync with the Podfile.lock. Run 'pod install' or update your CocoaPods installation.\" >&2\n    exit 1\nfi\n# This output is used by Xcode 'outputs' to avoid re-running this script phase.\necho \"SUCCESS\" > \"${SCRIPT_OUTPUT_FILE_0}\"\n";
			showEnvVarsInLog = 0;
		};
		6F2E589BB8B210C85BB84735 /* [CP] Embed Pods Frameworks */ = {
			isa = PBXShellScriptBuildPhase;
			buildActionMask = 2147483647;
			files = (
			);
			inputFileListPaths = (
				"${PODS_ROOT}/Target Support Files/Pods-FirstCare/Pods-FirstCare-frameworks-${CONFIGURATION}-input-files.xcfilelist",
			);
			name = "[CP] Embed Pods Frameworks";
			outputFileListPaths = (
				"${PODS_ROOT}/Target Support Files/Pods-FirstCare/Pods-FirstCare-frameworks-${CONFIGURATION}-output-files.xcfilelist",
			);
			runOnlyForDeploymentPostprocessing = 0;
			shellPath = /bin/sh;
			shellScript = "\"${PODS_ROOT}/Target Support Files/Pods-FirstCare/Pods-FirstCare-frameworks.sh\"\n";
			showEnvVarsInLog = 0;
		};
/* End PBXShellScriptBuildPhase section */

/* Begin PBXSourcesBuildPhase section */
		97D76D392545D65800DEAB97 /* Sources */ = {
			isa = PBXSourcesBuildPhase;
			buildActionMask = 2147483647;
			files = (
				97D76D792545E39900DEAB97 /* SignUpView.swift in Sources */,
				97D76D452545D65800DEAB97 /* ViewController.swift in Sources */,
				97D76DB12545F66000DEAB97 /* User+CoreDataClass.swift in Sources */,
				97D76DB22545F66000DEAB97 /* User+CoreDataProperties.swift in Sources */,
				97D76D962545EDFD00DEAB97 /* data.xcdatamodeld in Sources */,
				97D76D412545D65800DEAB97 /* AppDelegate.swift in Sources */,
				97D76D432545D65800DEAB97 /* SceneDelegate.swift in Sources */,
			);
			runOnlyForDeploymentPostprocessing = 0;
		};
		97D76D4F2545D65900DEAB97 /* Sources */ = {
			isa = PBXSourcesBuildPhase;
			buildActionMask = 2147483647;
			files = (
				97D76D582545D65900DEAB97 /* FirstCareTests.swift in Sources */,
			);
			runOnlyForDeploymentPostprocessing = 0;
		};
		97D76D5A2545D65900DEAB97 /* Sources */ = {
			isa = PBXSourcesBuildPhase;
			buildActionMask = 2147483647;
			files = (
				97D76D632545D65900DEAB97 /* FirstCareUITests.swift in Sources */,
			);
			runOnlyForDeploymentPostprocessing = 0;
		};
/* End PBXSourcesBuildPhase section */

/* Begin PBXTargetDependency section */
		97D76D552545D65900DEAB97 /* PBXTargetDependency */ = {
			isa = PBXTargetDependency;
			target = 97D76D3C2545D65800DEAB97 /* FirstCare */;
			targetProxy = 97D76D542545D65900DEAB97 /* PBXContainerItemProxy */;
		};
		97D76D602545D65900DEAB97 /* PBXTargetDependency */ = {
			isa = PBXTargetDependency;
			target = 97D76D3C2545D65800DEAB97 /* FirstCare */;
			targetProxy = 97D76D5F2545D65900DEAB97 /* PBXContainerItemProxy */;
		};
/* End PBXTargetDependency section */

/* Begin PBXVariantGroup section */
		97D76D462545D65800DEAB97 /* Main.storyboard */ = {
			isa = PBXVariantGroup;
			children = (
				97D76D472545D65800DEAB97 /* Base */,
			);
			name = Main.storyboard;
			sourceTree = "<group>";
		};
		97D76D4B2545D65800DEAB97 /* LaunchScreen.storyboard */ = {
			isa = PBXVariantGroup;
			children = (
				97D76D4C2545D65800DEAB97 /* Base */,
			);
			name = LaunchScreen.storyboard;
			sourceTree = "<group>";
		};
/* End PBXVariantGroup section */

/* Begin XCBuildConfiguration section */
		97D76D652545D65900DEAB97 /* Debug */ = {
			isa = XCBuildConfiguration;
			buildSettings = {
				ALWAYS_SEARCH_USER_PATHS = NO;
				CLANG_ANALYZER_NONNULL = YES;
				CLANG_ANALYZER_NUMBER_OBJECT_CONVERSION = YES_AGGRESSIVE;
				CLANG_CXX_LANGUAGE_STANDARD = "gnu++14";
				CLANG_CXX_LIBRARY = "libc++";
				CLANG_ENABLE_MODULES = YES;
				CLANG_ENABLE_OBJC_ARC = YES;
				CLANG_ENABLE_OBJC_WEAK = YES;
				CLANG_WARN_BLOCK_CAPTURE_AUTORELEASING = YES;
				CLANG_WARN_BOOL_CONVERSION = YES;
				CLANG_WARN_COMMA = YES;
				CLANG_WARN_CONSTANT_CONVERSION = YES;
				CLANG_WARN_DEPRECATED_OBJC_IMPLEMENTATIONS = YES;
				CLANG_WARN_DIRECT_OBJC_ISA_USAGE = YES_ERROR;
				CLANG_WARN_DOCUMENTATION_COMMENTS = YES;
				CLANG_WARN_EMPTY_BODY = YES;
				CLANG_WARN_ENUM_CONVERSION = YES;
				CLANG_WARN_INFINITE_RECURSION = YES;
				CLANG_WARN_INT_CONVERSION = YES;
				CLANG_WARN_NON_LITERAL_NULL_CONVERSION = YES;
				CLANG_WARN_OBJC_IMPLICIT_RETAIN_SELF = YES;
				CLANG_WARN_OBJC_LITERAL_CONVERSION = YES;
				CLANG_WARN_OBJC_ROOT_CLASS = YES_ERROR;
				CLANG_WARN_QUOTED_INCLUDE_IN_FRAMEWORK_HEADER = YES;
				CLANG_WARN_RANGE_LOOP_ANALYSIS = YES;
				CLANG_WARN_STRICT_PROTOTYPES = YES;
				CLANG_WARN_SUSPICIOUS_MOVE = YES;
				CLANG_WARN_UNGUARDED_AVAILABILITY = YES_AGGRESSIVE;
				CLANG_WARN_UNREACHABLE_CODE = YES;
				CLANG_WARN__DUPLICATE_METHOD_MATCH = YES;
				COPY_PHASE_STRIP = NO;
				DEBUG_INFORMATION_FORMAT = dwarf;
				ENABLE_STRICT_OBJC_MSGSEND = YES;
				ENABLE_TESTABILITY = YES;
				GCC_C_LANGUAGE_STANDARD = gnu11;
				GCC_DYNAMIC_NO_PIC = NO;
				GCC_NO_COMMON_BLOCKS = YES;
				GCC_OPTIMIZATION_LEVEL = 0;
				GCC_PREPROCESSOR_DEFINITIONS = (
					"DEBUG=1",
					"$(inherited)",
				);
				GCC_WARN_64_TO_32_BIT_CONVERSION = YES;
				GCC_WARN_ABOUT_RETURN_TYPE = YES_ERROR;
				GCC_WARN_UNDECLARED_SELECTOR = YES;
				GCC_WARN_UNINITIALIZED_AUTOS = YES_AGGRESSIVE;
				GCC_WARN_UNUSED_FUNCTION = YES;
				GCC_WARN_UNUSED_VARIABLE = YES;
				IPHONEOS_DEPLOYMENT_TARGET = 14.0;
				MTL_ENABLE_DEBUG_INFO = INCLUDE_SOURCE;
				MTL_FAST_MATH = YES;
				ONLY_ACTIVE_ARCH = YES;
				SDKROOT = iphoneos;
				SWIFT_ACTIVE_COMPILATION_CONDITIONS = DEBUG;
				SWIFT_OPTIMIZATION_LEVEL = "-Onone";
			};
			name = Debug;
		};
		97D76D662545D65900DEAB97 /* Release */ = {
			isa = XCBuildConfiguration;
			buildSettings = {
				ALWAYS_SEARCH_USER_PATHS = NO;
				CLANG_ANALYZER_NONNULL = YES;
				CLANG_ANALYZER_NUMBER_OBJECT_CONVERSION = YES_AGGRESSIVE;
				CLANG_CXX_LANGUAGE_STANDARD = "gnu++14";
				CLANG_CXX_LIBRARY = "libc++";
				CLANG_ENABLE_MODULES = YES;
				CLANG_ENABLE_OBJC_ARC = YES;
				CLANG_ENABLE_OBJC_WEAK = YES;
				CLANG_WARN_BLOCK_CAPTURE_AUTORELEASING = YES;
				CLANG_WARN_BOOL_CONVERSION = YES;
				CLANG_WARN_COMMA = YES;
				CLANG_WARN_CONSTANT_CONVERSION = YES;
				CLANG_WARN_DEPRECATED_OBJC_IMPLEMENTATIONS = YES;
				CLANG_WARN_DIRECT_OBJC_ISA_USAGE = YES_ERROR;
				CLANG_WARN_DOCUMENTATION_COMMENTS = YES;
				CLANG_WARN_EMPTY_BODY = YES;
				CLANG_WARN_ENUM_CONVERSION = YES;
				CLANG_WARN_INFINITE_RECURSION = YES;
				CLANG_WARN_INT_CONVERSION = YES;
				CLANG_WARN_NON_LITERAL_NULL_CONVERSION = YES;
				CLANG_WARN_OBJC_IMPLICIT_RETAIN_SELF = YES;
				CLANG_WARN_OBJC_LITERAL_CONVERSION = YES;
				CLANG_WARN_OBJC_ROOT_CLASS = YES_ERROR;
				CLANG_WARN_QUOTED_INCLUDE_IN_FRAMEWORK_HEADER = YES;
				CLANG_WARN_RANGE_LOOP_ANALYSIS = YES;
				CLANG_WARN_STRICT_PROTOTYPES = YES;
				CLANG_WARN_SUSPICIOUS_MOVE = YES;
				CLANG_WARN_UNGUARDED_AVAILABILITY = YES_AGGRESSIVE;
				CLANG_WARN_UNREACHABLE_CODE = YES;
				CLANG_WARN__DUPLICATE_METHOD_MATCH = YES;
				COPY_PHASE_STRIP = NO;
				DEBUG_INFORMATION_FORMAT = "dwarf-with-dsym";
				ENABLE_NS_ASSERTIONS = NO;
				ENABLE_STRICT_OBJC_MSGSEND = YES;
				GCC_C_LANGUAGE_STANDARD = gnu11;
				GCC_NO_COMMON_BLOCKS = YES;
				GCC_WARN_64_TO_32_BIT_CONVERSION = YES;
				GCC_WARN_ABOUT_RETURN_TYPE = YES_ERROR;
				GCC_WARN_UNDECLARED_SELECTOR = YES;
				GCC_WARN_UNINITIALIZED_AUTOS = YES_AGGRESSIVE;
				GCC_WARN_UNUSED_FUNCTION = YES;
				GCC_WARN_UNUSED_VARIABLE = YES;
				IPHONEOS_DEPLOYMENT_TARGET = 14.0;
				MTL_ENABLE_DEBUG_INFO = NO;
				MTL_FAST_MATH = YES;
				SDKROOT = iphoneos;
				SWIFT_COMPILATION_MODE = wholemodule;
				SWIFT_OPTIMIZATION_LEVEL = "-O";
				VALIDATE_PRODUCT = YES;
			};
			name = Release;
		};
		97D76D682545D65900DEAB97 /* Debug */ = {
			isa = XCBuildConfiguration;
			baseConfigurationReference = DD115BDD0B765827BCDC347D /* Pods-FirstCare.debug.xcconfig */;
			buildSettings = {
				ASSETCATALOG_COMPILER_APPICON_NAME = AppIcon;
				ASSETCATALOG_COMPILER_GLOBAL_ACCENT_COLOR_NAME = AccentColor;
				CODE_SIGN_STYLE = Automatic;
				DEVELOPMENT_TEAM = 8T46R4T879;
				INFOPLIST_FILE = FirstCare/Info.plist;
				LD_RUNPATH_SEARCH_PATHS = (
					"$(inherited)",
					"@executable_path/Frameworks",
				);
				PRODUCT_BUNDLE_IDENTIFIER = com.alirezaazimi.FirstCare;
				PRODUCT_NAME = "$(TARGET_NAME)";
				SWIFT_VERSION = 5.0;
				TARGETED_DEVICE_FAMILY = "1,2";
			};
			name = Debug;
		};
		97D76D692545D65900DEAB97 /* Release */ = {
			isa = XCBuildConfiguration;
			baseConfigurationReference = A06FD1322EFE8B40F6D0F8F8 /* Pods-FirstCare.release.xcconfig */;
			buildSettings = {
				ASSETCATALOG_COMPILER_APPICON_NAME = AppIcon;
				ASSETCATALOG_COMPILER_GLOBAL_ACCENT_COLOR_NAME = AccentColor;
				CODE_SIGN_STYLE = Automatic;
				DEVELOPMENT_TEAM = 8T46R4T879;
				INFOPLIST_FILE = FirstCare/Info.plist;
				LD_RUNPATH_SEARCH_PATHS = (
					"$(inherited)",
					"@executable_path/Frameworks",
				);
				PRODUCT_BUNDLE_IDENTIFIER = com.alirezaazimi.FirstCare;
				PRODUCT_NAME = "$(TARGET_NAME)";
				SWIFT_VERSION = 5.0;
				TARGETED_DEVICE_FAMILY = "1,2";
			};
			name = Release;
		};
		97D76D6B2545D65900DEAB97 /* Debug */ = {
			isa = XCBuildConfiguration;
			buildSettings = {
				ALWAYS_EMBED_SWIFT_STANDARD_LIBRARIES = YES;
				BUNDLE_LOADER = "$(TEST_HOST)";
				CODE_SIGN_STYLE = Automatic;
				DEVELOPMENT_TEAM = 8T46R4T879;
				INFOPLIST_FILE = FirstCareTests/Info.plist;
				IPHONEOS_DEPLOYMENT_TARGET = 14.0;
				LD_RUNPATH_SEARCH_PATHS = (
					"$(inherited)",
					"@executable_path/Frameworks",
					"@loader_path/Frameworks",
				);
				PRODUCT_BUNDLE_IDENTIFIER = com.alirezaazimi.FirstCareTests;
				PRODUCT_NAME = "$(TARGET_NAME)";
				SWIFT_VERSION = 5.0;
				TARGETED_DEVICE_FAMILY = "1,2";
				TEST_HOST = "$(BUILT_PRODUCTS_DIR)/FirstCare.app/FirstCare";
			};
			name = Debug;
		};
		97D76D6C2545D65900DEAB97 /* Release */ = {
			isa = XCBuildConfiguration;
			buildSettings = {
				ALWAYS_EMBED_SWIFT_STANDARD_LIBRARIES = YES;
				BUNDLE_LOADER = "$(TEST_HOST)";
				CODE_SIGN_STYLE = Automatic;
				DEVELOPMENT_TEAM = 8T46R4T879;
				INFOPLIST_FILE = FirstCareTests/Info.plist;
				IPHONEOS_DEPLOYMENT_TARGET = 14.0;
				LD_RUNPATH_SEARCH_PATHS = (
					"$(inherited)",
					"@executable_path/Frameworks",
					"@loader_path/Frameworks",
				);
				PRODUCT_BUNDLE_IDENTIFIER = com.alirezaazimi.FirstCareTests;
				PRODUCT_NAME = "$(TARGET_NAME)";
				SWIFT_VERSION = 5.0;
				TARGETED_DEVICE_FAMILY = "1,2";
				TEST_HOST = "$(BUILT_PRODUCTS_DIR)/FirstCare.app/FirstCare";
			};
			name = Release;
		};
		97D76D6E2545D65900DEAB97 /* Debug */ = {
			isa = XCBuildConfiguration;
			buildSettings = {
				ALWAYS_EMBED_SWIFT_STANDARD_LIBRARIES = YES;
				CODE_SIGN_STYLE = Automatic;
				DEVELOPMENT_TEAM = 8T46R4T879;
				INFOPLIST_FILE = FirstCareUITests/Info.plist;
				LD_RUNPATH_SEARCH_PATHS = (
					"$(inherited)",
					"@executable_path/Frameworks",
					"@loader_path/Frameworks",
				);
				PRODUCT_BUNDLE_IDENTIFIER = com.alirezaazimi.FirstCareUITests;
				PRODUCT_NAME = "$(TARGET_NAME)";
				SWIFT_VERSION = 5.0;
				TARGETED_DEVICE_FAMILY = "1,2";
				TEST_TARGET_NAME = FirstCare;
			};
			name = Debug;
		};
		97D76D6F2545D65900DEAB97 /* Release */ = {
			isa = XCBuildConfiguration;
			buildSettings = {
				ALWAYS_EMBED_SWIFT_STANDARD_LIBRARIES = YES;
				CODE_SIGN_STYLE = Automatic;
				DEVELOPMENT_TEAM = 8T46R4T879;
				INFOPLIST_FILE = FirstCareUITests/Info.plist;
				LD_RUNPATH_SEARCH_PATHS = (
					"$(inherited)",
					"@executable_path/Frameworks",
					"@loader_path/Frameworks",
				);
				PRODUCT_BUNDLE_IDENTIFIER = com.alirezaazimi.FirstCareUITests;
				PRODUCT_NAME = "$(TARGET_NAME)";
				SWIFT_VERSION = 5.0;
				TARGETED_DEVICE_FAMILY = "1,2";
				TEST_TARGET_NAME = FirstCare;
			};
			name = Release;
		};
/* End XCBuildConfiguration section */

/* Begin XCConfigurationList section */
		97D76D382545D65800DEAB97 /* Build configuration list for PBXProject "FirstCare" */ = {
			isa = XCConfigurationList;
			buildConfigurations = (
				97D76D652545D65900DEAB97 /* Debug */,
				97D76D662545D65900DEAB97 /* Release */,
			);
			defaultConfigurationIsVisible = 0;
			defaultConfigurationName = Release;
		};
		97D76D672545D65900DEAB97 /* Build configuration list for PBXNativeTarget "FirstCare" */ = {
			isa = XCConfigurationList;
			buildConfigurations = (
				97D76D682545D65900DEAB97 /* Debug */,
				97D76D692545D65900DEAB97 /* Release */,
			);
			defaultConfigurationIsVisible = 0;
			defaultConfigurationName = Release;
		};
		97D76D6A2545D65900DEAB97 /* Build configuration list for PBXNativeTarget "FirstCareTests" */ = {
			isa = XCConfigurationList;
			buildConfigurations = (
				97D76D6B2545D65900DEAB97 /* Debug */,
				97D76D6C2545D65900DEAB97 /* Release */,
			);
			defaultConfigurationIsVisible = 0;
			defaultConfigurationName = Release;
		};
		97D76D6D2545D65900DEAB97 /* Build configuration list for PBXNativeTarget "FirstCareUITests" */ = {
			isa = XCConfigurationList;
			buildConfigurations = (
				97D76D6E2545D65900DEAB97 /* Debug */,
				97D76D6F2545D65900DEAB97 /* Release */,
			);
			defaultConfigurationIsVisible = 0;
			defaultConfigurationName = Release;
		};
/* End XCConfigurationList section */

/* Begin XCVersionGroup section */
		97D76D942545EDFD00DEAB97 /* data.xcdatamodeld */ = {
			isa = XCVersionGroup;
			children = (
				97D76D952545EDFD00DEAB97 /* data.xcdatamodel */,
			);
			currentVersion = 97D76D952545EDFD00DEAB97 /* data.xcdatamodel */;
			path = data.xcdatamodeld;
			sourceTree = "<group>";
			versionGroupType = wrapper.xcdatamodel;
		};
/* End XCVersionGroup section */
	};
	rootObject = 97D76D352545D65800DEAB97 /* Project object */;
}
